
Microsoft Visual Studio Solution File, Format Version 12.00
# Visual Studio Version 17
VisualStudioVersion = 17.8.34525.116
MinimumVisualStudioVersion = 10.0.40219.1
Project("{9A19103F-16F7-4668-BE54-9A1E7A4F7556}") = "WorkArea", "WorkArea\WorkArea.csproj", "{942618CD-B0F2-49DB-8C26-DBF97C429457}"
EndProject
Global
	GlobalSection(SolutionConfigurationPlatforms) = preSolution
		Debug|Any CPU = Debug|Any CPU
		Release|Any CPU = Release|Any CPU
	EndGlobalSection
	GlobalSection(ProjectConfigurationPlatforms) = postSolution
		{942618CD-B0F2-49DB-8C26-DBF97C429457}.Debug|Any CPU.ActiveCfg = Debug|Any CPU
		{942618CD-B0F2-49DB-8C26-DBF97C429457}.Debug|Any CPU.Build.0 = Debug|Any CPU
		{942618CD-B0F2-49DB-8C26-DBF97C429457}.Release|Any CPU.ActiveCfg = Release|Any CPU
		{942618CD-B0F2-49DB-8C26-DBF97C429457}.Release|Any CPU.Build.0 = Release|Any CPU
	EndGlobalSection
	GlobalSection(SolutionProperties) = preSolution
		HideSolutionNode = FALSE
	EndGlobalSection
	GlobalSection(ExtensibilityGlobals) = postSolution
		SolutionGuid = {252AFC0F-88D4-4034-A830-2703A8C4B841}
	EndGlobalSection
EndGlobal
